{
  "nodes": {
    "ferrix": {
      "locked": {
        "lastModified": 1788446265,
        "narHash": "sha256-dmPDusdHkYaDXSOt+x//HKaXPTWFjMaWIkLQceIQJS8=",
        "owner": "ryanccn",
        "repo": "ferrix",
        "rev": "b574906d655188bb98889f138486817eabfb6154",
        "type": "github"
      },
      "original": {
        "owner": "ryanccn",
        "repo": "ferrix",
        "type": "github"
      }
    },
    "nixpkgs": {
      "locked": {
        "lastModified": 1788834054,
        "narHash": "sha256-9dzTcXMtlknZyT47Vv1PnpGgN7UYA8WxxqyxsKdvYbo=",
        "owner": "NixOS",
        "repo": "nixpkgs",
        "rev": "e9b9cbecbf6c25ca26c150d78570e6332694a129",
        "type": "github"
      },
      "original": {
        "owner": "NixOS",
        "ref": "nixpkgs-unstable",
        "repo": "nixpkgs",
        "type": "github"
      }
    },
    "root": {
      "inputs": {
        "ferrix": "ferrix",
        "nixpkgs": "nixpkgs"
      }
    }
  },
  "root": "root",
  "version": 7
}
